
Microsoft Visual Studio Solution File, Format Version 12.00
# Visual Studio Version 17
VisualStudioVersion = 17.13.35828.75
MinimumVisualStudioVersion = 10.0.40219.1
Project("{FAE04EC0-301F-11D3-BF4B-00C04F79EFBC}") = "WarsztatApp.Web", "WarsztatApp.Web\WarsztatApp.Web.csproj", "{6581DC8B-4665-4863-9784-218557FD8D07}"
EndProject
Global
	GlobalSection(SolutionConfigurationPlatforms) = preSolution
		Debug|Any CPU = Debug|Any CPU
		Release|Any CPU = Release|Any CPU
	EndGlobalSection
	GlobalSection(ProjectConfigurationPlatforms) = postSolution
		{6581DC8B-4665-4863-9784-218557FD8D07}.Debug|Any CPU.ActiveCfg = Debug|Any CPU
		{6581DC8B-4665-4863-9784-218557FD8D07}.Debug|Any CPU.Build.0 = Debug|Any CPU
		{6581DC8B-4665-4863-9784-218557FD8D07}.Release|Any CPU.ActiveCfg = Release|Any CPU
		{6581DC8B-4665-4863-9784-218557FD8D07}.Release|Any CPU.Build.0 = Release|Any CPU
	EndGlobalSection
	GlobalSection(SolutionProperties) = preSolution
		HideSolutionNode = FALSE
	EndGlobalSection
	GlobalSection(ExtensibilityGlobals) = postSolution
		SolutionGuid = {AD271365-C53B-4543-9F04-86C54DFD63E6}
	EndGlobalSection
EndGlobal
